// !$*UTF8*$!
{
	archiveVersion = 1;
	classes = {
	};
	objectVersion = 56;
	objects = {

/* Begin PBXBuildFile section */
		B4321C6F2A49F0C10012C049 /* AppDelegate.swift in Sources */ = {isa = PBXBuildFile; fileRef = B4321C6E2A49F0C10012C049 /* AppDelegate.swift */; };
		B4321C712A49F0C10012C049 /* SceneDelegate.swift in Sources */ = {isa = PBXBuildFile; fileRef = B4321C702A49F0C10012C049 /* SceneDelegate.swift */; };
		B4321C732A49F0C10012C049 /* ViewController.swift in Sources */ = {isa = PBXBuildFile; fileRef = B4321C722A49F0C10012C049 /* ViewController.swift */; };
		B4321C762A49F0C10012C049 /* Main.storyboard in Resources */ = {isa = PBXBuildFile; fileRef = B4321C742A49F0C10012C049 /* Main.storyboard */; };
		B4321C792A49F0C10012C049 /* iRepeater.xcdatamodeld in Sources */ = {isa = PBXBuildFile; fileRef = B4321C772A49F0C10012C049 /* iRepeater.xcdatamodeld */; };
		B4321C7B2A49F0C30012C049 /* Assets.xcassets in Resources */ = {isa = PBXBuildFile; fileRef = B4321C7A2A49F0C30012C049 /* Assets.xcassets */; };
		B4321C7E2A49F0C30012C049 /* LaunchScreen.storyboard in Resources */ = {isa = PBXBuildFile; fileRef = B4321C7C2A49F0C30012C049 /* LaunchScreen.storyboard */; };
		B4321C892A49F0C30012C049 /* iRepeaterTests.swift in Sources */ = {isa = PBXBuildFile; fileRef = B4321C882A49F0C30012C049 /* iRepeaterTests.swift */; };
		B4321C932A49F0C30012C049 /* iRepeaterUITests.swift in Sources */ = {isa = PBXBuildFile; fileRef = B4321C922A49F0C30012C049 /* iRepeaterUITests.swift */; };
		B4321C952A49F0C30012C049 /* iRepeaterUITestsLaunchTests.swift in Sources */ = {isa = PBXBuildFile; fileRef = B4321C942A49F0C30012C049 /* iRepeaterUITestsLaunchTests.swift */; };
		B48BAC6F2A6470360060E8DD /* AudioService.swift in Sources */ = {isa = PBXBuildFile; fileRef = B48BAC6E2A6470360060E8DD /* AudioService.swift */; };
/* End PBXBuildFile section */

/* Begin PBXContainerItemProxy section */
		B4321C852A49F0C30012C049 /* PBXContainerItemProxy */ = {
			isa = PBXContainerItemProxy;
			containerPortal = B4321C632A49F0C10012C049 /* Project object */;
			proxyType = 1;
			remoteGlobalIDString = B4321C6A2A49F0C10012C049;
			remoteInfo = iRepeater;
		};
		B4321C8F2A49F0C30012C049 /* PBXContainerItemProxy */ = {
			isa = PBXContainerItemProxy;
			containerPortal = B4321C632A49F0C10012C049 /* Project object */;
			proxyType = 1;
			remoteGlobalIDString = B4321C6A2A49F0C10012C049;
			remoteInfo = iRepeater;
		};
/* End PBXContainerItemProxy section */

/* Begin PBXFileReference section */
		B4321C6B2A49F0C10012C049 /* iRepeater.app */ = {isa = PBXFileReference; explicitFileType = wrapper.application; includeInIndex = 0; path = iRepeater.app; sourceTree = BUILT_PRODUCTS_DIR; };
		B4321C6E2A49F0C10012C049 /* AppDelegate.swift */ = {isa = PBXFileReference; lastKnownFileType = sourcecode.swift; path = AppDelegate.swift; sourceTree = "<group>"; };
		B4321C702A49F0C10012C049 /* SceneDelegate.swift */ = {isa = PBXFileReference; lastKnownFileType = sourcecode.swift; path = SceneDelegate.swift; sourceTree = "<group>"; };
		B4321C722A49F0C10012C049 /* ViewController.swift */ = {isa = PBXFileReference; lastKnownFileType = sourcecode.swift; path = ViewController.swift; sourceTree = "<group>"; };
		B4321C752A49F0C10012C049 /* Base */ = {isa = PBXFileReference; lastKnownFileType = file.storyboard; name = Base; path = Base.lproj/Main.storyboard; sourceTree = "<group>"; };
		B4321C782A49F0C10012C049 /* iRepeater.xcdatamodel */ = {isa = PBXFileReference; lastKnownFileType = wrapper.xcdatamodel; path = iRepeater.xcdatamodel; sourceTree = "<group>"; };
		B4321C7A2A49F0C30012C049 /* Assets.xcassets */ = {isa = PBXFileReference; lastKnownFileType = folder.assetcatalog; path = Assets.xcassets; sourceTree = "<group>"; };
		B4321C7D2A49F0C30012C049 /* Base */ = {isa = PBXFileReference; lastKnownFileType = file.storyboard; name = Base; path = Base.lproj/LaunchScreen.storyboard; sourceTree = "<group>"; };
		B4321C7F2A49F0C30012C049 /* Info.plist */ = {isa = PBXFileReference; lastKnownFileType = text.plist.xml; path = Info.plist; sourceTree = "<group>"; };
		B4321C842A49F0C30012C049 /* iRepeaterTests.xctest */ = {isa = PBXFileReference; explicitFileType = wrapper.cfbundle; includeInIndex = 0; path = iRepeaterTests.xctest; sourceTree = BUILT_PRODUCTS_DIR; };
		B4321C882A49F0C30012C049 /* iRepeaterTests.swift */ = {isa = PBXFileReference; lastKnownFileType = sourcecode.swift; path = iRepeaterTests.swift; sourceTree = "<group>"; };
		B4321C8E2A49F0C30012C049 /* iRepeaterUITests.xctest */ = {isa = PBXFileReference; explicitFileType = wrapper.cfbundle; includeInIndex = 0; path = iRepeaterUITests.xctest; sourceTree = BUILT_PRODUCTS_DIR; };
		B4321C922A49F0C30012C049 /* iRepeaterUITests.swift */ = {isa = PBXFileReference; lastKnownFileType = sourcecode.swift; path = iRepeaterUITests.swift; sourceTree = "<group>"; };
		B4321C942A49F0C30012C049 /* iRepeaterUITestsLaunchTests.swift */ = {isa = PBXFileReference; lastKnownFileType = sourcecode.swift; path = iRepeaterUITestsLaunchTests.swift; sourceTree = "<group>"; };
		B48BAC6E2A6470360060E8DD /* AudioService.swift */ = {isa = PBXFileReference; lastKnownFileType = sourcecode.swift; path = AudioService.swift; sourceTree = "<group>"; };
/* End PBXFileReference section */

/* Begin PBXFrameworksBuildPhase section */
		B4321C682A49F0C10012C049 /* Frameworks */ = {
			isa = PBXFrameworksBuildPhase;
			buildActionMask = 2147483647;
			files = (
			);
			runOnlyForDeploymentPostprocessing = 0;
		};
		B4321C812A49F0C30012C049 /* Frameworks */ = {
			isa = PBXFrameworksBuildPhase;
			buildActionMask = 2147483647;
			files = (
			);
			runOnlyForDeploymentPostprocessing = 0;
		};
		B4321C8B2A49F0C30012C049 /* Frameworks */ = {
			isa = PBXFrameworksBuildPhase;
			buildActionMask = 2147483647;
			files = (
			);
			runOnlyForDeploymentPostprocessing = 0;
		};
/* End PBXFrameworksBuildPhase section */

/* Begin PBXGroup section */
		B4321C622A49F0C10012C049 = {
			isa = PBXGroup;
			children = (
				B4321C6D2A49F0C10012C049 /* iRepeater */,
				B4321C872A49F0C30012C049 /* iRepeaterTests */,
				B4321C912A49F0C30012C049 /* iRepeaterUITests */,
				B4321C6C2A49F0C10012C049 /* Products */,
			);
			sourceTree = "<group>";
		};
		B4321C6C2A49F0C10012C049 /* Products */ = {
			isa = PBXGroup;
			children = (
				B4321C6B2A49F0C10012C049 /* iRepeater.app */,
				B4321C842A49F0C30012C049 /* iRepeaterTests.xctest */,
				B4321C8E2A49F0C30012C049 /* iRepeaterUITests.xctest */,
			);
			name = Products;
			sourceTree = "<group>";
		};
		B4321C6D2A49F0C10012C049 /* iRepeater */ = {
			isa = PBXGroup;
			children = (
				B4321C6E2A49F0C10012C049 /* AppDelegate.swift */,
				B4321C702A49F0C10012C049 /* SceneDelegate.swift */,
				B4321C722A49F0C10012C049 /* ViewController.swift */,
				B48BAC6E2A6470360060E8DD /* AudioService.swift */,
				B4321C742A49F0C10012C049 /* Main.storyboard */,
				B4321C7A2A49F0C30012C049 /* Assets.xcassets */,
				B4321C7C2A49F0C30012C049 /* LaunchScreen.storyboard */,
				B4321C7F2A49F0C30012C049 /* Info.plist */,
				B4321C772A49F0C10012C049 /* iRepeater.xcdatamodeld */,
			);
			path = iRepeater;
			sourceTree = "<group>";
		};
		B4321C872A49F0C30012C049 /* iRepeaterTests */ = {
			isa = PBXGroup;
			children = (
				B4321C882A49F0C30012C049 /* iRepeaterTests.swift */,
			);
			path = iRepeaterTests;
			sourceTree = "<group>";
		};
		B4321C912A49F0C30012C049 /* iRepeaterUITests */ = {
			isa = PBXGroup;
			children = (
				B4321C922A49F0C30012C049 /* iRepeaterUITests.swift */,
				B4321C942A49F0C30012C049 /* iRepeaterUITestsLaunchTests.swift */,
			);
			path = iRepeaterUITests;
			sourceTree = "<group>";
		};
/* End PBXGroup section */

/* Begin PBXNativeTarget section */
		B4321C6A2A49F0C10012C049 /* iRepeater */ = {
			isa = PBXNativeTarget;
			buildConfigurationList = B4321C982A49F0C30012C049 /* Build configuration list for PBXNativeTarget "iRepeater" */;
			buildPhases = (
				B4321C672A49F0C10012C049 /* Sources */,
				B4321C682A49F0C10012C049 /* Frameworks */,
				B4321C692A49F0C10012C049 /* Resources */,
			);
			buildRules = (
			);
			dependencies = (
			);
			name = iRepeater;
			productName = iRepeater;
			productReference = B4321C6B2A49F0C10012C049 /* iRepeater.app */;
			productType = "com.apple.product-type.application";
		};
		B4321C832A49F0C30012C049 /* iRepeaterTests */ = {
			isa = PBXNativeTarget;
			buildConfigurationList = B4321C9B2A49F0C30012C049 /* Build configuration list for PBXNativeTarget "iRepeaterTests" */;
			buildPhases = (
				B4321C802A49F0C30012C049 /* Sources */,
				B4321C812A49F0C30012C049 /* Frameworks */,
				B4321C822A49F0C30012C049 /* Resources */,
			);
			buildRules = (
			);
			dependencies = (
				B4321C862A49F0C30012C049 /* PBXTargetDependency */,
			);
			name = iRepeaterTests;
			productName = iRepeaterTests;
			productReference = B4321C842A49F0C30012C049 /* iRepeaterTests.xctest */;
			productType = "com.apple.product-type.bundle.unit-test";
		};
		B4321C8D2A49F0C30012C049 /* iRepeaterUITests */ = {
			isa = PBXNativeTarget;
			buildConfigurationList = B4321C9E2A49F0C30012C049 /* Build configuration list for PBXNativeTarget "iRepeaterUITests" */;
			buildPhases = (
				B4321C8A2A49F0C30012C049 /* Sources */,
				B4321C8B2A49F0C30012C049 /* Frameworks */,
				B4321C8C2A49F0C30012C049 /* Resources */,
			);
			buildRules = (
			);
			dependencies = (
				B4321C902A49F0C30012C049 /* PBXTargetDependency */,
			);
			name = iRepeaterUITests;
			productName = iRepeaterUITests;
			productReference = B4321C8E2A49F0C30012C049 /* iRepeaterUITests.xctest */;
			productType = "com.apple.product-type.bundle.ui-testing";
		};
/* End PBXNativeTarget section */

/* Begin PBXProject section */
		B4321C632A49F0C10012C049 /* Project object */ = {
			isa = PBXProject;
			attributes = {
				BuildIndependentTargetsInParallel = 1;
				LastSwiftUpdateCheck = 1430;
				LastUpgradeCheck = 1430;
				TargetAttributes = {
					B4321C6A2A49F0C10012C049 = {
						CreatedOnToolsVersion = 14.3.1;
					};
					B4321C832A49F0C30012C049 = {
						CreatedOnToolsVersion = 14.3.1;
						TestTargetID = B4321C6A2A49F0C10012C049;
					};
					B4321C8D2A49F0C30012C049 = {
						CreatedOnToolsVersion = 14.3.1;
						TestTargetID = B4321C6A2A49F0C10012C049;
					};
				};
			};
			buildConfigurationList = B4321C662A49F0C10012C049 /* Build configuration list for PBXProject "iRepeater" */;
			compatibilityVersion = "Xcode 14.0";
			developmentRegion = en;
			hasScannedForEncodings = 0;
			knownRegions = (
				en,
				Base,
			);
			mainGroup = B4321C622A49F0C10012C049;
			productRefGroup = B4321C6C2A49F0C10012C049 /* Products */;
			projectDirPath = "";
			projectRoot = "";
			targets = (
				B4321C6A2A49F0C10012C049 /* iRepeater */,
				B4321C832A49F0C30012C049 /* iRepeaterTests */,
				B4321C8D2A49F0C30012C049 /* iRepeaterUITests */,
			);
		};
/* End PBXProject section */

/* Begin PBXResourcesBuildPhase section */
		B4321C692A49F0C10012C049 /* Resources */ = {
			isa = PBXResourcesBuildPhase;
			buildActionMask = 2147483647;
			files = (
				B4321C7E2A49F0C30012C049 /* LaunchScreen.storyboard in Resources */,
				B4321C7B2A49F0C30012C049 /* Assets.xcassets in Resources */,
				B4321C762A49F0C10012C049 /* Main.storyboard in Resources */,
			);
			runOnlyForDeploymentPostprocessing = 0;
		};
		B4321C822A49F0C30012C049 /* Resources */ = {
			isa = PBXResourcesBuildPhase;
			buildActionMask = 2147483647;
			files = (
			);
			runOnlyForDeploymentPostprocessing = 0;
		};
		B4321C8C2A49F0C30012C049 /* Resources */ = {
			isa = PBXResourcesBuildPhase;
			buildActionMask = 2147483647;
			files = (
			);
			runOnlyForDeploymentPostprocessing = 0;
		};
/* End PBXResourcesBuildPhase section */

/* Begin PBXSourcesBuildPhase section */
		B4321C672A49F0C10012C049 /* Sources */ = {
			isa = PBXSourcesBuildPhase;
			buildActionMask = 2147483647;
			files = (
				B48BAC6F2A6470360060E8DD /* AudioService.swift in Sources */,
				B4321C732A49F0C10012C049 /* ViewController.swift in Sources */,
				B4321C6F2A49F0C10012C049 /* AppDelegate.swift in Sources */,
				B4321C712A49F0C10012C049 /* SceneDelegate.swift in Sources */,
				B4321C792A49F0C10012C049 /* iRepeater.xcdatamodeld in Sources */,
			);
			runOnlyForDeploymentPostprocessing = 0;
		};
		B4321C802A49F0C30012C049 /* Sources */ = {
			isa = PBXSourcesBuildPhase;
			buildActionMask = 2147483647;
			files = (
				B4321C892A49F0C30012C049 /* iRepeaterTests.swift in Sources */,
			);
			runOnlyForDeploymentPostprocessing = 0;
		};
		B4321C8A2A49F0C30012C049 /* Sources */ = {
			isa = PBXSourcesBuildPhase;
			buildActionMask = 2147483647;
			files = (
				B4321C952A49F0C30012C049 /* iRepeaterUITestsLaunchTests.swift in Sources */,
				B4321C932A49F0C30012C049 /* iRepeaterUITests.swift in Sources */,
			);
			runOnlyForDeploymentPostprocessing = 0;
		};
/* End PBXSourcesBuildPhase section */

/* Begin PBXTargetDependency section */
		B4321C862A49F0C30012C049 /* PBXTargetDependency */ = {
			isa = PBXTargetDependency;
			target = B4321C6A2A49F0C10012C049 /* iRepeater */;
			targetProxy = B4321C852A49F0C30012C049 /* PBXContainerItemProxy */;
		};
		B4321C902A49F0C30012C049 /* PBXTargetDependency */ = {
			isa = PBXTargetDependency;
			target = B4321C6A2A49F0C10012C049 /* iRepeater */;
			targetProxy = B4321C8F2A49F0C30012C049 /* PBXContainerItemProxy */;
		};
/* End PBXTargetDependency section */

/* Begin PBXVariantGroup section */
		B4321C742A49F0C10012C049 /* Main.storyboard */ = {
			isa = PBXVariantGroup;
			children = (
				B4321C752A49F0C10012C049 /* Base */,
			);
			name = Main.storyboard;
			sourceTree = "<group>";
		};
		B4321C7C2A49F0C30012C049 /* LaunchScreen.storyboard */ = {
			isa = PBXVariantGroup;
			children = (
				B4321C7D2A49F0C30012C049 /* Base */,
			);
			name = LaunchScreen.storyboard;
			sourceTree = "<group>";
		};
/* End PBXVariantGroup section */

/* Begin XCBuildConfiguration section */
		B4321C962A49F0C30012C049 /* Debug */ = {
			isa = XCBuildConfiguration;
			buildSettings = {
				ALWAYS_SEARCH_USER_PATHS = NO;
				CLANG_ANALYZER_NONNULL = YES;
				CLANG_ANALYZER_NUMBER_OBJECT_CONVERSION = YES_AGGRESSIVE;
				CLANG_CXX_LANGUAGE_STANDARD = "gnu++20";
				CLANG_ENABLE_MODULES = YES;
				CLANG_ENABLE_OBJC_ARC = YES;
				CLANG_ENABLE_OBJC_WEAK = YES;
				CLANG_WARN_BLOCK_CAPTURE_AUTORELEASING = YES;
				CLANG_WARN_BOOL_CONVERSION = YES;
				CLANG_WARN_COMMA = YES;
				CLANG_WARN_CONSTANT_CONVERSION = YES;
				CLANG_WARN_DEPRECATED_OBJC_IMPLEMENTATIONS = YES;
				CLANG_WARN_DIRECT_OBJC_ISA_USAGE = YES_ERROR;
				CLANG_WARN_DOCUMENTATION_COMMENTS = YES;
				CLANG_WARN_EMPTY_BODY = YES;
				CLANG_WARN_ENUM_CONVERSION = YES;
				CLANG_WARN_INFINITE_RECURSION = YES;
				CLANG_WARN_INT_CONVERSION = YES;
				CLANG_WARN_NON_LITERAL_NULL_CONVERSION = YES;
				CLANG_WARN_OBJC_IMPLICIT_RETAIN_SELF = YES;
				CLANG_WARN_OBJC_LITERAL_CONVERSION = YES;
				CLANG_WARN_OBJC_ROOT_CLASS = YES_ERROR;
				CLANG_WARN_QUOTED_INCLUDE_IN_FRAMEWORK_HEADER = YES;
				CLANG_WARN_RANGE_LOOP_ANALYSIS = YES;
				CLANG_WARN_STRICT_PROTOTYPES = YES;
				CLANG_WARN_SUSPICIOUS_MOVE = YES;
				CLANG_WARN_UNGUARDED_AVAILABILITY = YES_AGGRESSIVE;
				CLANG_WARN_UNREACHABLE_CODE = YES;
				CLANG_WARN__DUPLICATE_METHOD_MATCH = YES;
				COPY_PHASE_STRIP = NO;
				DEBUG_INFORMATION_FORMAT = dwarf;
				ENABLE_STRICT_OBJC_MSGSEND = YES;
				ENABLE_TESTABILITY = YES;
				GCC_C_LANGUAGE_STANDARD = gnu11;
				GCC_DYNAMIC_NO_PIC = NO;
				GCC_NO_COMMON_BLOCKS = YES;
				GCC_OPTIMIZATION_LEVEL = 0;
				GCC_PREPROCESSOR_DEFINITIONS = (
					"DEBUG=1",
					"$(inherited)",
				);
				GCC_WARN_64_TO_32_BIT_CONVERSION = YES;
				GCC_WARN_ABOUT_RETURN_TYPE = YES_ERROR;
				GCC_WARN_UNDECLARED_SELECTOR = YES;
				GCC_WARN_UNINITIALIZED_AUTOS = YES_AGGRESSIVE;
				GCC_WARN_UNUSED_FUNCTION = YES;
				GCC_WARN_UNUSED_VARIABLE = YES;
				IPHONEOS_DEPLOYMENT_TARGET = 16.4;
				MTL_ENABLE_DEBUG_INFO = INCLUDE_SOURCE;
				MTL_FAST_MATH = YES;
				ONLY_ACTIVE_ARCH = YES;
				SDKROOT = iphoneos;
				SWIFT_ACTIVE_COMPILATION_CONDITIONS = DEBUG;
				SWIFT_OPTIMIZATION_LEVEL = "-Onone";
			};
			name = Debug;
		};
		B4321C972A49F0C30012C049 /* Release */ = {
			isa = XCBuildConfiguration;
			buildSettings = {
				ALWAYS_SEARCH_USER_PATHS = NO;
				CLANG_ANALYZER_NONNULL = YES;
				CLANG_ANALYZER_NUMBER_OBJECT_CONVERSION = YES_AGGRESSIVE;
				CLANG_CXX_LANGUAGE_STANDARD = "gnu++20";
				CLANG_ENABLE_MODULES = YES;
				CLANG_ENABLE_OBJC_ARC = YES;
				CLANG_ENABLE_OBJC_WEAK = YES;
				CLANG_WARN_BLOCK_CAPTURE_AUTORELEASING = YES;
				CLANG_WARN_BOOL_CONVERSION = YES;
				CLANG_WARN_COMMA = YES;
				CLANG_WARN_CONSTANT_CONVERSION = YES;
				CLANG_WARN_DEPRECATED_OBJC_IMPLEMENTATIONS = YES;
				CLANG_WARN_DIRECT_OBJC_ISA_USAGE = YES_ERROR;
				CLANG_WARN_DOCUMENTATION_COMMENTS = YES;
				CLANG_WARN_EMPTY_BODY = YES;
				CLANG_WARN_ENUM_CONVERSION = YES;
				CLANG_WARN_INFINITE_RECURSION = YES;
				CLANG_WARN_INT_CONVERSION = YES;
				CLANG_WARN_NON_LITERAL_NULL_CONVERSION = YES;
				CLANG_WARN_OBJC_IMPLICIT_RETAIN_SELF = YES;
				CLANG_WARN_OBJC_LITERAL_CONVERSION = YES;
				CLANG_WARN_OBJC_ROOT_CLASS = YES_ERROR;
				CLANG_WARN_QUOTED_INCLUDE_IN_FRAMEWORK_HEADER = YES;
				CLANG_WARN_RANGE_LOOP_ANALYSIS = YES;
				CLANG_WARN_STRICT_PROTOTYPES = YES;
				CLANG_WARN_SUSPICIOUS_MOVE = YES;
				CLANG_WARN_UNGUARDED_AVAILABILITY = YES_AGGRESSIVE;
				CLANG_WARN_UNREACHABLE_CODE = YES;
				CLANG_WARN__DUPLICATE_METHOD_MATCH = YES;
				COPY_PHASE_STRIP = NO;
				DEBUG_INFORMATION_FORMAT = "dwarf-with-dsym";
				ENABLE_NS_ASSERTIONS = NO;
				ENABLE_STRICT_OBJC_MSGSEND = YES;
				GCC_C_LANGUAGE_STANDARD = gnu11;
				GCC_NO_COMMON_BLOCKS = YES;
				GCC_WARN_64_TO_32_BIT_CONVERSION = YES;
				GCC_WARN_ABOUT_RETURN_TYPE = YES_ERROR;
				GCC_WARN_UNDECLARED_SELECTOR = YES;
				GCC_WARN_UNINITIALIZED_AUTOS = YES_AGGRESSIVE;
				GCC_WARN_UNUSED_FUNCTION = YES;
				GCC_WARN_UNUSED_VARIABLE = YES;
				IPHONEOS_DEPLOYMENT_TARGET = 16.4;
				MTL_ENABLE_DEBUG_INFO = NO;
				MTL_FAST_MATH = YES;
				SDKROOT = iphoneos;
				SWIFT_COMPILATION_MODE = wholemodule;
				SWIFT_OPTIMIZATION_LEVEL = "-O";
				VALIDATE_PRODUCT = YES;
			};
			name = Release;
		};
		B4321C992A49F0C30012C049 /* Debug */ = {
			isa = XCBuildConfiguration;
			buildSettings = {
				ASSETCATALOG_COMPILER_APPICON_NAME = AppIcon;
				ASSETCATALOG_COMPILER_GLOBAL_ACCENT_COLOR_NAME = AccentColor;
				ASSETCATALOG_COMPILER_INCLUDE_ALL_APPICON_ASSETS = YES;
				CODE_SIGN_STYLE = Automatic;
				CURRENT_PROJECT_VERSION = 1;
				DEVELOPMENT_TEAM = 77ZXHT565T;
				GENERATE_INFOPLIST_FILE = YES;
				INFOPLIST_FILE = iRepeater/Info.plist;
				INFOPLIST_KEY_UIApplicationSupportsIndirectInputEvents = YES;
				INFOPLIST_KEY_UILaunchStoryboardName = Main.storyboard;
				INFOPLIST_KEY_UIMainStoryboardFile = Main;
				INFOPLIST_KEY_UISupportedInterfaceOrientations = UIInterfaceOrientationPortrait;
				INFOPLIST_KEY_UISupportedInterfaceOrientations_iPad = "UIInterfaceOrientationLandscapeLeft UIInterfaceOrientationLandscapeRight UIInterfaceOrientationPortrait UIInterfaceOrientationPortraitUpsideDown";
				LD_RUNPATH_SEARCH_PATHS = (
					"$(inherited)",
					"@executable_path/Frameworks",
				);
				MARKETING_VERSION = 1.0;
				PRODUCT_BUNDLE_IDENTIFIER = com.diomondus.iRepeater;
				PRODUCT_NAME = "$(TARGET_NAME)";
				SWIFT_EMIT_LOC_STRINGS = YES;
				SWIFT_VERSION = 5.0;
				TARGETED_DEVICE_FAMILY = "1,2";
			};
			name = Debug;
		};
		B4321C9A2A49F0C30012C049 /* Release */ = {
			isa = XCBuildConfiguration;
			buildSettings = {
				ASSETCATALOG_COMPILER_APPICON_NAME = AppIcon;
				ASSETCATALOG_COMPILER_GLOBAL_ACCENT_COLOR_NAME = AccentColor;
				ASSETCATALOG_COMPILER_INCLUDE_ALL_APPICON_ASSETS = YES;
				CODE_SIGN_STYLE = Automatic;
				CURRENT_PROJECT_VERSION = 1;
				DEVELOPMENT_TEAM = 77ZXHT565T;
				GENERATE_INFOPLIST_FILE = YES;
				INFOPLIST_FILE = iRepeater/Info.plist;
				INFOPLIST_KEY_UIApplicationSupportsIndirectInputEvents = YES;
				INFOPLIST_KEY_UILaunchStoryboardName = Main.storyboard;
				INFOPLIST_KEY_UIMainStoryboardFile = Main;
				INFOPLIST_KEY_UISupportedInterfaceOrientations = UIInterfaceOrientationPortrait;
				INFOPLIST_KEY_UISupportedInterfaceOrientations_iPad = "UIInterfaceOrientationLandscapeLeft UIInterfaceOrientationLandscapeRight UIInterfaceOrientationPortrait UIInterfaceOrientationPortraitUpsideDown";
				LD_RUNPATH_SEARCH_PATHS = (
					"$(inherited)",
					"@executable_path/Frameworks",
				);
				MARKETING_VERSION = 1.0;
				PRODUCT_BUNDLE_IDENTIFIER = com.diomondus.iRepeater;
				PRODUCT_NAME = "$(TARGET_NAME)";
				SWIFT_EMIT_LOC_STRINGS = YES;
				SWIFT_VERSION = 5.0;
				TARGETED_DEVICE_FAMILY = "1,2";
			};
			name = Release;
		};
		B4321C9C2A49F0C30012C049 /* Debug */ = {
			isa = XCBuildConfiguration;
			buildSettings = {
				ALWAYS_EMBED_SWIFT_STANDARD_LIBRARIES = YES;
				BUNDLE_LOADER = "$(TEST_HOST)";
				CODE_SIGN_STYLE = Automatic;
				CURRENT_PROJECT_VERSION = 1;
				GENERATE_INFOPLIST_FILE = YES;
				IPHONEOS_DEPLOYMENT_TARGET = 16.4;
				MARKETING_VERSION = 1.0;
				PRODUCT_BUNDLE_IDENTIFIER = com.diomondus.iRepeaterTests;
				PRODUCT_NAME = "$(TARGET_NAME)";
				SWIFT_EMIT_LOC_STRINGS = NO;
				SWIFT_VERSION = 5.0;
				TARGETED_DEVICE_FAMILY = "1,2";
				TEST_HOST = "$(BUILT_PRODUCTS_DIR)/iRepeater.app/$(BUNDLE_EXECUTABLE_FOLDER_PATH)/iRepeater";
			};
			name = Debug;
		};
		B4321C9D2A49F0C30012C049 /* Release */ = {
			isa = XCBuildConfiguration;
			buildSettings = {
				ALWAYS_EMBED_SWIFT_STANDARD_LIBRARIES = YES;
				BUNDLE_LOADER = "$(TEST_HOST)";
				CODE_SIGN_STYLE = Automatic;
				CURRENT_PROJECT_VERSION = 1;
				GENERATE_INFOPLIST_FILE = YES;
				IPHONEOS_DEPLOYMENT_TARGET = 16.4;
				MARKETING_VERSION = 1.0;
				PRODUCT_BUNDLE_IDENTIFIER = com.diomondus.iRepeaterTests;
				PRODUCT_NAME = "$(TARGET_NAME)";
				SWIFT_EMIT_LOC_STRINGS = NO;
				SWIFT_VERSION = 5.0;
				TARGETED_DEVICE_FAMILY = "1,2";
				TEST_HOST = "$(BUILT_PRODUCTS_DIR)/iRepeater.app/$(BUNDLE_EXECUTABLE_FOLDER_PATH)/iRepeater";
			};
			name = Release;
		};
		B4321C9F2A49F0C30012C049 /* Debug */ = {
			isa = XCBuildConfiguration;
			buildSettings = {
				ALWAYS_EMBED_SWIFT_STANDARD_LIBRARIES = YES;
				CODE_SIGN_STYLE = Automatic;
				CURRENT_PROJECT_VERSION = 1;
				GENERATE_INFOPLIST_FILE = YES;
				MARKETING_VERSION = 1.0;
				PRODUCT_BUNDLE_IDENTIFIER = com.diomondus.iRepeaterUITests;
				PRODUCT_NAME = "$(TARGET_NAME)";
				SWIFT_EMIT_LOC_STRINGS = NO;
				SWIFT_VERSION = 5.0;
				TARGETED_DEVICE_FAMILY = "1,2";
				TEST_TARGET_NAME = iRepeater;
			};
			name = Debug;
		};
		B4321CA02A49F0C30012C049 /* Release */ = {
			isa = XCBuildConfiguration;
			buildSettings = {
				ALWAYS_EMBED_SWIFT_STANDARD_LIBRARIES = YES;
				CODE_SIGN_STYLE = Automatic;
				CURRENT_PROJECT_VERSION = 1;
				GENERATE_INFOPLIST_FILE = YES;
				MARKETING_VERSION = 1.0;
				PRODUCT_BUNDLE_IDENTIFIER = com.diomondus.iRepeaterUITests;
				PRODUCT_NAME = "$(TARGET_NAME)";
				SWIFT_EMIT_LOC_STRINGS = NO;
				SWIFT_VERSION = 5.0;
				TARGETED_DEVICE_FAMILY = "1,2";
				TEST_TARGET_NAME = iRepeater;
			};
			name = Release;
		};
/* End XCBuildConfiguration section */

/* Begin XCConfigurationList section */
		B4321C662A49F0C10012C049 /* Build configuration list for PBXProject "iRepeater" */ = {
			isa = XCConfigurationList;
			buildConfigurations = (
				B4321C962A49F0C30012C049 /* Debug */,
				B4321C972A49F0C30012C049 /* Release */,
			);
			defaultConfigurationIsVisible = 0;
			defaultConfigurationName = Release;
		};
		B4321C982A49F0C30012C049 /* Build configuration list for PBXNativeTarget "iRepeater" */ = {
			isa = XCConfigurationList;
			buildConfigurations = (
				B4321C992A49F0C30012C049 /* Debug */,
				B4321C9A2A49F0C30012C049 /* Release */,
			);
			defaultConfigurationIsVisible = 0;
			defaultConfigurationName = Release;
		};
		B4321C9B2A49F0C30012C049 /* Build configuration list for PBXNativeTarget "iRepeaterTests" */ = {
			isa = XCConfigurationList;
			buildConfigurations = (
				B4321C9C2A49F0C30012C049 /* Debug */,
				B4321C9D2A49F0C30012C049 /* Release */,
			);
			defaultConfigurationIsVisible = 0;
			defaultConfigurationName = Release;
		};
		B4321C9E2A49F0C30012C049 /* Build configuration list for PBXNativeTarget "iRepeaterUITests" */ = {
			isa = XCConfigurationList;
			buildConfigurations = (
				B4321C9F2A49F0C30012C049 /* Debug */,
				B4321CA02A49F0C30012C049 /* Release */,
			);
			defaultConfigurationIsVisible = 0;
			defaultConfigurationName = Release;
		};
/* End XCConfigurationList section */

/* Begin XCVersionGroup section */
		B4321C772A49F0C10012C049 /* iRepeater.xcdatamodeld */ = {
			isa = XCVersionGroup;
			children = (
				B4321C782A49F0C10012C049 /* iRepeater.xcdatamodel */,
			);
			currentVersion = B4321C782A49F0C10012C049 /* iRepeater.xcdatamodel */;
			path = iRepeater.xcdatamodeld;
			sourceTree = "<group>";
			versionGroupType = wrapper.xcdatamodel;
		};
/* End XCVersionGroup section */
	};
	rootObject = B4321C632A49F0C10012C049 /* Project object */;
}
